
Microsoft Visual Studio Solution File, Format Version 12.00
# Visual Studio Version 17
VisualStudioVersion = 17.1.32328.378
MinimumVisualStudioVersion = 10.0.40219.1
Project("{9A19103F-16F7-4668-BE54-9A1E7A4F7556}") = "BookWebApp", "BulkyBookWeb\BookWebApp.csproj", "{B0E05568-2F3E-498A-A5A3-0C07E56B981B}"
EndProject
Global
	GlobalSection(SolutionConfigurationPlatforms) = preSolution
		Debug|Any CPU = Debug|Any CPU
		Release|Any CPU = Release|Any CPU
	EndGlobalSection
	GlobalSection(ProjectConfigurationPlatforms) = postSolution
		{B0E05568-2F3E-498A-A5A3-0C07E56B981B}.Debug|Any CPU.ActiveCfg = Debug|Any CPU
		{B0E05568-2F3E-498A-A5A3-0C07E56B981B}.Debug|Any CPU.Build.0 = Debug|Any CPU
		{B0E05568-2F3E-498A-A5A3-0C07E56B981B}.Release|Any CPU.ActiveCfg = Release|Any CPU
		{B0E05568-2F3E-498A-A5A3-0C07E56B981B}.Release|Any CPU.Build.0 = Release|Any CPU
	EndGlobalSection
	GlobalSection(SolutionProperties) = preSolution
		HideSolutionNode = FALSE
	EndGlobalSection
	GlobalSection(ExtensibilityGlobals) = postSolution
		SolutionGuid = {01BFE15F-DC1B-4EA0-A506-5550FE099597}
	EndGlobalSection
EndGlobal
